{
  "version": "3",
  "packages": {
    "specifiers": {
      "jsr:@std/assert": "jsr:@std/assert@1.0.1",
      "jsr:@std/assert@^0.221.0": "jsr:@std/assert@0.221.0",
      "jsr:@std/internal@^1.0.1": "jsr:@std/internal@1.0.1",
      "jsr:@std/path": "jsr:@std/path@0.221.0",
      "jsr:@std/testing": "jsr:@std/testing@0.225.3",
      "npm:oxc-transform": "npm:oxc-transform@0.22.1",
      "npm:terser@~5": "npm:terser@5.31.3"
    },
    "jsr": {
      "@std/assert@0.221.0": {
        "integrity": "a5f1aa6e7909dbea271754fd4ab3f4e687aeff4873b4cef9a320af813adb489a"
      },
      "@std/assert@1.0.1": {
        "integrity": "13590ef8e5854f59e4ad252fd987e83239a1bf1f16cb9c69c1d123ebb807a75b",
        "dependencies": [
          "jsr:@std/internal@^1.0.1"
        ]
      },
      "@std/internal@1.0.1": {
        "integrity": "6f8c7544d06a11dd256c8d6ba54b11ed870aac6c5aeafff499892662c57673e6"
      },
      "@std/path@0.221.0": {
        "integrity": "0a36f6b17314ef653a3a1649740cc8db51b25a133ecfe838f20b79a56ebe0095",
        "dependencies": [
          "jsr:@std/assert@^0.221.0"
        ]
      },
      "@std/testing@0.225.3": {
        "integrity": "348c24d0479d44ab3dbb4f26170f242e19f24051b45935d4a9e7ca0ab7e37780"
      }
    },
    "npm": {
      "@jridgewell/gen-mapping@0.3.5": {
        "integrity": "sha512-IzL8ZoEDIBRWEzlCcRhOaCupYyN5gdIK+Q6fbFdPDg6HqX6jpkItn7DFIpW9LQzXG6Df9sA7+OKnq0qlz/GaQg==",
        "dependencies": {
          "@jridgewell/set-array": "@jridgewell/set-array@1.2.1",
          "@jridgewell/sourcemap-codec": "@jridgewell/sourcemap-codec@1.5.0",
          "@jridgewell/trace-mapping": "@jridgewell/trace-mapping@0.3.25"
        }
      },
      "@jridgewell/resolve-uri@3.1.2": {
        "integrity": "sha512-bRISgCIjP20/tbWSPWMEi54QVPRZExkuD9lJL+UIxUKtwVJA8wW1Trb1jMs1RFXo1CBTNZ/5hpC9QvmKWdopKw==",
        "dependencies": {}
      },
      "@jridgewell/set-array@1.2.1": {
        "integrity": "sha512-R8gLRTZeyp03ymzP/6Lil/28tGeGEzhx1q2k703KGWRAI1VdvPIXdG70VJc2pAMw3NA6JKL5hhFu1sJX0Mnn/A==",
        "dependencies": {}
      },
      "@jridgewell/source-map@0.3.6": {
        "integrity": "sha512-1ZJTZebgqllO79ue2bm3rIGud/bOe0pP5BjSRCRxxYkEZS8STV7zN84UBbiYu7jy+eCKSnVIUgoWWE/tt+shMQ==",
        "dependencies": {
          "@jridgewell/gen-mapping": "@jridgewell/gen-mapping@0.3.5",
          "@jridgewell/trace-mapping": "@jridgewell/trace-mapping@0.3.25"
        }
      },
      "@jridgewell/sourcemap-codec@1.5.0": {
        "integrity": "sha512-gv3ZRaISU3fjPAgNsriBRqGWQL6quFx04YMPW/zD8XMLsU32mhCCbfbO6KZFLjvYpCZ8zyDEgqsgf+PwPaM7GQ==",
        "dependencies": {}
      },
      "@jridgewell/trace-mapping@0.3.25": {
        "integrity": "sha512-vNk6aEwybGtawWmy/PzwnGDOjCkLWSD2wqvjGGAgOAwCGWySYXfYoxt00IJkTF+8Lb57DwOb3Aa0o9CApepiYQ==",
        "dependencies": {
          "@jridgewell/resolve-uri": "@jridgewell/resolve-uri@3.1.2",
          "@jridgewell/sourcemap-codec": "@jridgewell/sourcemap-codec@1.5.0"
        }
      },
      "@oxc-transform/binding-darwin-arm64@0.22.1": {
        "integrity": "sha512-VkQgPTxKvSlbDtIMGLYIMREhavaF9BMtjGCK54ZlwdeawZXIosK7iXcH3arSec/Ckz5haKCDkWqZiNMclNsvOA==",
        "dependencies": {}
      },
      "@oxc-transform/binding-darwin-x64@0.22.1": {
        "integrity": "sha512-2MoGCPBGcqwwJHRPwuUReCBkT9rVIzZkoEgcpYell55nbbmY29ki132813amlwyyIDOMg8M4wqzhDEtLn4p/qQ==",
        "dependencies": {}
      },
      "@oxc-transform/binding-linux-arm64-gnu@0.22.1": {
        "integrity": "sha512-DAqOzh/zHDlMibJ8Ik/OZrfotw3jCJWySyJ/kEJhK0Vx/zzCGLKq+DXAPKguNqiF0xKwxq03TCJFZeuoAZxoUA==",
        "dependencies": {}
      },
      "@oxc-transform/binding-linux-arm64-musl@0.22.1": {
        "integrity": "sha512-K/rzOyOkoWPmSy0fGIcCLpDOdxP1aMcP5wP9fdqxtkyJUUSv8iTaGoSeEVHOjDFmtq6szKF0HZbaqBCqhHzhEg==",
        "dependencies": {}
      },
      "@oxc-transform/binding-linux-x64-gnu@0.22.1": {
        "integrity": "sha512-aM87aV4yuFif2dDfl45RhzG+KYV1RnYg7qjJro5BKkBxnkgZhMbKkS5pgfpiIrBJt7r3Bd0hhcogvOXlvye6zw==",
        "dependencies": {}
      },
      "@oxc-transform/binding-linux-x64-musl@0.22.1": {
        "integrity": "sha512-5SlHcjPhDx0sdcd8hBrPoakmzUi/v8HKJVkjSGOIqjzWMcA2HArUA5Iw0dO90fnMhdrX1xwJTrElYQxOVTXI4g==",
        "dependencies": {}
      },
      "@oxc-transform/binding-win32-arm64-msvc@0.22.1": {
        "integrity": "sha512-N+HbD0I7T/tS9LT9V/neliCqcnTx8NnGAdpvZogKNuLiD9UDqTcOKyGawS0VOKNQjbNIN0BROUxzluMCwDWSEQ==",
        "dependencies": {}
      },
      "@oxc-transform/binding-win32-x64-msvc@0.22.1": {
        "integrity": "sha512-QJIy5Rx8swXk9TJTIP/CDLn4gPLiBnUHPdI81rN6EITGQtirRd+QTRdKnYvhtmg+SE34pXR+62Z9OA6BzLcfvQ==",
        "dependencies": {}
      },
      "acorn@8.12.1": {
        "integrity": "sha512-tcpGyI9zbizT9JbV6oYE477V6mTlXvvi0T0G3SNIYE2apm/G5huBa1+K89VGeovbg+jycCrfhl3ADxErOuO6Jg==",
        "dependencies": {}
      },
      "buffer-from@1.1.2": {
        "integrity": "sha512-E+XQCRwSbaaiChtv6k6Dwgc+bx+Bs6vuKJHHl5kox/BaKbhiXzqQOwK4cO22yElGp2OCmjwVhT3HmxgyPGnJfQ==",
        "dependencies": {}
      },
      "commander@2.20.3": {
        "integrity": "sha512-GpVkmM8vF2vQUkj2LvZmD35JxeJOLCwJ9cUkugyk2nuhbv3+mJvpLYYt+0+USMxE+oj+ey/lJEnhZw75x/OMcQ==",
        "dependencies": {}
      },
      "oxc-transform@0.22.1": {
        "integrity": "sha512-ChSU60HuOYNbsQnJhECEjRybeqy1rBsy+wSVPv8m5RMVrgkPq+Ll+axBVLBjD8g0L8llX2oXA/w4Mlr+kArRig==",
        "dependencies": {
          "@oxc-transform/binding-darwin-arm64": "@oxc-transform/binding-darwin-arm64@0.22.1",
          "@oxc-transform/binding-darwin-x64": "@oxc-transform/binding-darwin-x64@0.22.1",
          "@oxc-transform/binding-linux-arm64-gnu": "@oxc-transform/binding-linux-arm64-gnu@0.22.1",
          "@oxc-transform/binding-linux-arm64-musl": "@oxc-transform/binding-linux-arm64-musl@0.22.1",
          "@oxc-transform/binding-linux-x64-gnu": "@oxc-transform/binding-linux-x64-gnu@0.22.1",
          "@oxc-transform/binding-linux-x64-musl": "@oxc-transform/binding-linux-x64-musl@0.22.1",
          "@oxc-transform/binding-win32-arm64-msvc": "@oxc-transform/binding-win32-arm64-msvc@0.22.1",
          "@oxc-transform/binding-win32-x64-msvc": "@oxc-transform/binding-win32-x64-msvc@0.22.1"
        }
      },
      "source-map-support@0.5.21": {
        "integrity": "sha512-uBHU3L3czsIyYXKX88fdrGovxdSCoTGDRZ6SYXtSRxLZUzHg5P/66Ht6uoUlHu9EZod+inXhKo3qQgwXUT/y1w==",
        "dependencies": {
          "buffer-from": "buffer-from@1.1.2",
          "source-map": "source-map@0.6.1"
        }
      },
      "source-map@0.6.1": {
        "integrity": "sha512-UjgapumWlbMhkBgzT7Ykc5YXUT46F0iKu8SGXq0bcwP5dz/h0Plj6enJqjz1Zbq2l5WaqYnrVbwWOWMyF3F47g==",
        "dependencies": {}
      },
      "terser@5.31.3": {
        "integrity": "sha512-pAfYn3NIZLyZpa83ZKigvj6Rn9c/vd5KfYGX7cN1mnzqgDcxWvrU5ZtAfIKhEXz9nRecw4z3LXkjaq96/qZqAA==",
        "dependencies": {
          "@jridgewell/source-map": "@jridgewell/source-map@0.3.6",
          "acorn": "acorn@8.12.1",
          "commander": "commander@2.20.3",
          "source-map-support": "source-map-support@0.5.21"
        }
      }
    }
  },
  "remote": {}
}
